
Microsoft Visual Studio Solution File, Format Version 12.00
# Visual Studio Version 16
VisualStudioVersion = 16.0.31005.135
MinimumVisualStudioVersion = 10.0.40219.1
Project("{FAE04EC0-301F-11D3-BF4B-00C04F79EFBC}") = "DbServer", "DbServer.csproj", "{1A48EFD8-79EE-4BC8-B906-DC727F15BD83}"
EndProject
Global
	GlobalSection(SolutionConfigurationPlatforms) = preSolution
		Debug|Any CPU = Debug|Any CPU
		Release|Any CPU = Release|Any CPU
	EndGlobalSection
	GlobalSection(ProjectConfigurationPlatforms) = postSolution
		{1A48EFD8-79EE-4BC8-B906-DC727F15BD83}.Debug|Any CPU.ActiveCfg = Debug|Any CPU
		{1A48EFD8-79EE-4BC8-B906-DC727F15BD83}.Debug|Any CPU.Build.0 = Debug|Any CPU
		{1A48EFD8-79EE-4BC8-B906-DC727F15BD83}.Release|Any CPU.ActiveCfg = Release|Any CPU
		{1A48EFD8-79EE-4BC8-B906-DC727F15BD83}.Release|Any CPU.Build.0 = Release|Any CPU
	EndGlobalSection
	GlobalSection(SolutionProperties) = preSolution
		HideSolutionNode = FALSE
	EndGlobalSection
	GlobalSection(ExtensibilityGlobals) = postSolution
		SolutionGuid = {FF61C9E3-D238-4EC9-82C5-BDA792CA5FC8}
	EndGlobalSection
EndGlobal
